
Microsoft Visual Studio Solution File, Format Version 12.00
# Visual Studio Version 17
VisualStudioVersion = 17.2.32630.192
MinimumVisualStudioVersion = 10.0.40219.1
Project("{FAE04EC0-301F-11D3-BF4B-00C04F79EFBC}") = "ПишиСтирай", "ПишиСтирай\ПишиСтирай.csproj", "{5254A9CA-CD66-49C8-BE4F-6F126C8B023E}"
EndProject
Project("{FAE04EC0-301F-11D3-BF4B-00C04F79EFBC}") = "SF2022User{NN}Lib", "SF2022User{NN}Lib\SF2022User{NN}Lib.csproj", "{4B9A30FE-41DD-48FF-8F12-935E687F5C72}"
EndProject
Global
	GlobalSection(SolutionConfigurationPlatforms) = preSolution
		Debug|Any CPU = Debug|Any CPU
		Release|Any CPU = Release|Any CPU
	EndGlobalSection
	GlobalSection(ProjectConfigurationPlatforms) = postSolution
		{5254A9CA-CD66-49C8-BE4F-6F126C8B023E}.Debug|Any CPU.ActiveCfg = Debug|Any CPU
		{5254A9CA-CD66-49C8-BE4F-6F126C8B023E}.Debug|Any CPU.Build.0 = Debug|Any CPU
		{5254A9CA-CD66-49C8-BE4F-6F126C8B023E}.Release|Any CPU.ActiveCfg = Release|Any CPU
		{5254A9CA-CD66-49C8-BE4F-6F126C8B023E}.Release|Any CPU.Build.0 = Release|Any CPU
		{4B9A30FE-41DD-48FF-8F12-935E687F5C72}.Debug|Any CPU.ActiveCfg = Debug|Any CPU
		{4B9A30FE-41DD-48FF-8F12-935E687F5C72}.Debug|Any CPU.Build.0 = Debug|Any CPU
		{4B9A30FE-41DD-48FF-8F12-935E687F5C72}.Release|Any CPU.ActiveCfg = Release|Any CPU
		{4B9A30FE-41DD-48FF-8F12-935E687F5C72}.Release|Any CPU.Build.0 = Release|Any CPU
	EndGlobalSection
	GlobalSection(SolutionProperties) = preSolution
		HideSolutionNode = FALSE
	EndGlobalSection
	GlobalSection(ExtensibilityGlobals) = postSolution
		SolutionGuid = {1358CC41-C2D3-41CF-B14A-E37719372161}
	EndGlobalSection
EndGlobal
